
Microsoft Visual Studio Solution File, Format Version 12.00
# Visual Studio Version 16
VisualStudioVersion = 16.0.29613.14
MinimumVisualStudioVersion = 10.0.40219.1
Project("{9A19103F-16F7-4668-BE54-9A1E7A4F7556}") = "AnyClone", "AnyClone\AnyClone.csproj", "{36C56C2B-2D24-4200-AA7B-8A0E30DC3C25}"
EndProject
Project("{9A19103F-16F7-4668-BE54-9A1E7A4F7556}") = "AnyClone.Tests", "AnyClone.Tests\AnyClone.Tests.csproj", "{BC34CCD6-3AE5-4652-8098-BC60583C6A45}"
EndProject
Project("{9A19103F-16F7-4668-BE54-9A1E7A4F7556}") = "AnyClone.PerformanceTests", "AnyClone.PerformanceTests\AnyClone.PerformanceTests.csproj", "{B7C98CE9-CD51-4A70-B50A-2975FC720F70}"
EndProject
Global
	GlobalSection(SolutionConfigurationPlatforms) = preSolution
		Debug|Any CPU = Debug|Any CPU
		Release|Any CPU = Release|Any CPU
	EndGlobalSection
	GlobalSection(ProjectConfigurationPlatforms) = postSolution
		{36C56C2B-2D24-4200-AA7B-8A0E30DC3C25}.Debug|Any CPU.ActiveCfg = Debug|Any CPU
		{36C56C2B-2D24-4200-AA7B-8A0E30DC3C25}.Debug|Any CPU.Build.0 = Debug|Any CPU
		{36C56C2B-2D24-4200-AA7B-8A0E30DC3C25}.Release|Any CPU.ActiveCfg = Release|Any CPU
		{36C56C2B-2D24-4200-AA7B-8A0E30DC3C25}.Release|Any CPU.Build.0 = Release|Any CPU
		{BC34CCD6-3AE5-4652-8098-BC60583C6A45}.Debug|Any CPU.ActiveCfg = Debug|Any CPU
		{BC34CCD6-3AE5-4652-8098-BC60583C6A45}.Debug|Any CPU.Build.0 = Debug|Any CPU
		{BC34CCD6-3AE5-4652-8098-BC60583C6A45}.Release|Any CPU.ActiveCfg = Release|Any CPU
		{BC34CCD6-3AE5-4652-8098-BC60583C6A45}.Release|Any CPU.Build.0 = Release|Any CPU
		{B7C98CE9-CD51-4A70-B50A-2975FC720F70}.Debug|Any CPU.ActiveCfg = Debug|Any CPU
		{B7C98CE9-CD51-4A70-B50A-2975FC720F70}.Debug|Any CPU.Build.0 = Debug|Any CPU
		{B7C98CE9-CD51-4A70-B50A-2975FC720F70}.Release|Any CPU.ActiveCfg = Release|Any CPU
		{B7C98CE9-CD51-4A70-B50A-2975FC720F70}.Release|Any CPU.Build.0 = Release|Any CPU
	EndGlobalSection
	GlobalSection(SolutionProperties) = preSolution
		HideSolutionNode = FALSE
	EndGlobalSection
	GlobalSection(ExtensibilityGlobals) = postSolution
		SolutionGuid = {1468BF42-5E75-4D40-9955-C5061061447B}
	EndGlobalSection
EndGlobal
